
Microsoft Visual Studio Solution File, Format Version 12.00
# Visual Studio Version 16
VisualStudioVersion = 16.0.31019.35
MinimumVisualStudioVersion = 10.0.40219.1
Project("{FAE04EC0-301F-11D3-BF4B-00C04F79EFBC}") = "TesteWebApi", "TesteWebApi\TesteWebApi.csproj", "{E0AF64A1-78CF-4D11-872A-E5839E893CFB}"
EndProject
Global
	GlobalSection(SolutionConfigurationPlatforms) = preSolution
		Debug|Any CPU = Debug|Any CPU
		Release|Any CPU = Release|Any CPU
	EndGlobalSection
	GlobalSection(ProjectConfigurationPlatforms) = postSolution
		{E0AF64A1-78CF-4D11-872A-E5839E893CFB}.Debug|Any CPU.ActiveCfg = Debug|Any CPU
		{E0AF64A1-78CF-4D11-872A-E5839E893CFB}.Debug|Any CPU.Build.0 = Debug|Any CPU
		{E0AF64A1-78CF-4D11-872A-E5839E893CFB}.Release|Any CPU.ActiveCfg = Release|Any CPU
		{E0AF64A1-78CF-4D11-872A-E5839E893CFB}.Release|Any CPU.Build.0 = Release|Any CPU
	EndGlobalSection
	GlobalSection(SolutionProperties) = preSolution
		HideSolutionNode = FALSE
	EndGlobalSection
	GlobalSection(ExtensibilityGlobals) = postSolution
		SolutionGuid = {66562FBA-0A4A-474F-86D7-5D0A6CD82F76}
	EndGlobalSection
EndGlobal
